
Microsoft Visual Studio Solution File, Format Version 12.00
# Visual Studio 15
VisualStudioVersion = 15.0.28307.1082
MinimumVisualStudioVersion = 10.0.40219.1
Project("{FAE04EC0-301F-11D3-BF4B-00C04F79EFBC}") = "Ex03.GarageLogic", "B20_Ex03\Ex03.GarageLogic.csproj", "{83309BC5-FE74-402F-AAEC-A16A07616176}"
EndProject
Project("{FAE04EC0-301F-11D3-BF4B-00C04F79EFBC}") = "Ex03.ConsoleUI", "Ex03.ConsoleUI\Ex03.ConsoleUI.csproj", "{57CCF088-53E2-44C7-A892-52D91584314F}"
EndProject
Project("{2150E333-8FDC-42A3-9474-1A3956D46DE8}") = "Solution Items", "Solution Items", "{1B06AC88-2233-4E8C-BFA4-A296B72FE1E9}"
	ProjectSection(SolutionItems) = preProject
		B20 Ex03 Gal 205442262 Ron 204464127.docx = B20 Ex03 Gal 205442262 Ron 204464127.docx
		checkingReport.txt = checkingReport.txt
	EndProjectSection
EndProject
Global
	GlobalSection(SolutionConfigurationPlatforms) = preSolution
		Debug|Any CPU = Debug|Any CPU
		Release|Any CPU = Release|Any CPU
	EndGlobalSection
	GlobalSection(ProjectConfigurationPlatforms) = postSolution
		{83309BC5-FE74-402F-AAEC-A16A07616176}.Debug|Any CPU.ActiveCfg = Debug|Any CPU
		{83309BC5-FE74-402F-AAEC-A16A07616176}.Debug|Any CPU.Build.0 = Debug|Any CPU
		{83309BC5-FE74-402F-AAEC-A16A07616176}.Release|Any CPU.ActiveCfg = Release|Any CPU
		{83309BC5-FE74-402F-AAEC-A16A07616176}.Release|Any CPU.Build.0 = Release|Any CPU
		{57CCF088-53E2-44C7-A892-52D91584314F}.Debug|Any CPU.ActiveCfg = Debug|Any CPU
		{57CCF088-53E2-44C7-A892-52D91584314F}.Debug|Any CPU.Build.0 = Debug|Any CPU
		{57CCF088-53E2-44C7-A892-52D91584314F}.Release|Any CPU.ActiveCfg = Release|Any CPU
		{57CCF088-53E2-44C7-A892-52D91584314F}.Release|Any CPU.Build.0 = Release|Any CPU
	EndGlobalSection
	GlobalSection(SolutionProperties) = preSolution
		HideSolutionNode = FALSE
	EndGlobalSection
	GlobalSection(ExtensibilityGlobals) = postSolution
		SolutionGuid = {F8CEB592-8C23-45B7-96F1-209822D0BD55}
	EndGlobalSection
EndGlobal
